
Microsoft Visual Studio Solution File, Format Version 12.00
# Visual Studio Version 16
VisualStudioVersion = 16.0.30204.135
MinimumVisualStudioVersion = 10.0.40219.1
Project("{FAE04EC0-301F-11D3-BF4B-00C04F79EFBC}") = "Wrenit", "Wrenit\Wrenit.csproj", "{540EDC89-E0D0-45B1-A09A-D9C89EC202D0}"
EndProject
Project("{FAE04EC0-301F-11D3-BF4B-00C04F79EFBC}") = "Wrenit.Consoles", "Wrenit.Console\Wrenit.Consoles.csproj", "{A7B2B8AD-B297-43F8-81E5-28A2BFDFD156}"
	ProjectSection(ProjectDependencies) = postProject
		{540EDC89-E0D0-45B1-A09A-D9C89EC202D0} = {540EDC89-E0D0-45B1-A09A-D9C89EC202D0}
	EndProjectSection
EndProject
Project("{FAE04EC0-301F-11D3-BF4B-00C04F79EFBC}") = "Wrenit.UnitTests", "Wrenit.UnitTests\Wrenit.UnitTests.csproj", "{FB7ABB80-78B6-4A31-9BB0-79BBFE46271A}"
	ProjectSection(ProjectDependencies) = postProject
		{540EDC89-E0D0-45B1-A09A-D9C89EC202D0} = {540EDC89-E0D0-45B1-A09A-D9C89EC202D0}
	EndProjectSection
EndProject
Project("{D954291E-2A0B-460D-934E-DC6B0785DB48}") = "Wrenit.Shared", "Wrenit.Shared\Wrenit.Shared.shproj", "{9EDD2351-4589-4339-8B96-EB6FD310F76E}"
EndProject
Global
	GlobalSection(SharedMSBuildProjectFiles) = preSolution
		Wrenit.Shared\Wrenit.Shared.projitems*{9edd2351-4589-4339-8b96-eb6fd310f76e}*SharedItemsImports = 13
		Wrenit.Shared\Wrenit.Shared.projitems*{a7b2b8ad-b297-43f8-81e5-28a2bfdfd156}*SharedItemsImports = 4
		Wrenit.Shared\Wrenit.Shared.projitems*{fb7abb80-78b6-4a31-9bb0-79bbfe46271a}*SharedItemsImports = 4
	EndGlobalSection
	GlobalSection(SolutionConfigurationPlatforms) = preSolution
		Debug|Any CPU = Debug|Any CPU
		Debug|x64 = Debug|x64
		Debug|x86 = Debug|x86
		Release|Any CPU = Release|Any CPU
		Release|x64 = Release|x64
		Release|x86 = Release|x86
	EndGlobalSection
	GlobalSection(ProjectConfigurationPlatforms) = postSolution
		{540EDC89-E0D0-45B1-A09A-D9C89EC202D0}.Debug|Any CPU.ActiveCfg = Debug|Any CPU
		{540EDC89-E0D0-45B1-A09A-D9C89EC202D0}.Debug|Any CPU.Build.0 = Debug|Any CPU
		{540EDC89-E0D0-45B1-A09A-D9C89EC202D0}.Debug|x64.ActiveCfg = Debug|Any CPU
		{540EDC89-E0D0-45B1-A09A-D9C89EC202D0}.Debug|x64.Build.0 = Debug|Any CPU
		{540EDC89-E0D0-45B1-A09A-D9C89EC202D0}.Debug|x86.ActiveCfg = Debug|Any CPU
		{540EDC89-E0D0-45B1-A09A-D9C89EC202D0}.Debug|x86.Build.0 = Debug|Any CPU
		{540EDC89-E0D0-45B1-A09A-D9C89EC202D0}.Release|Any CPU.ActiveCfg = Release|Any CPU
		{540EDC89-E0D0-45B1-A09A-D9C89EC202D0}.Release|Any CPU.Build.0 = Release|Any CPU
		{540EDC89-E0D0-45B1-A09A-D9C89EC202D0}.Release|x64.ActiveCfg = Release|Any CPU
		{540EDC89-E0D0-45B1-A09A-D9C89EC202D0}.Release|x64.Build.0 = Release|Any CPU
		{540EDC89-E0D0-45B1-A09A-D9C89EC202D0}.Release|x86.ActiveCfg = Release|Any CPU
		{540EDC89-E0D0-45B1-A09A-D9C89EC202D0}.Release|x86.Build.0 = Release|Any CPU
		{A7B2B8AD-B297-43F8-81E5-28A2BFDFD156}.Debug|Any CPU.ActiveCfg = Debug|Any CPU
		{A7B2B8AD-B297-43F8-81E5-28A2BFDFD156}.Debug|Any CPU.Build.0 = Debug|Any CPU
		{A7B2B8AD-B297-43F8-81E5-28A2BFDFD156}.Debug|x64.ActiveCfg = Debug|Any CPU
		{A7B2B8AD-B297-43F8-81E5-28A2BFDFD156}.Debug|x64.Build.0 = Debug|Any CPU
		{A7B2B8AD-B297-43F8-81E5-28A2BFDFD156}.Debug|x86.ActiveCfg = Debug|Any CPU
		{A7B2B8AD-B297-43F8-81E5-28A2BFDFD156}.Debug|x86.Build.0 = Debug|Any CPU
		{A7B2B8AD-B297-43F8-81E5-28A2BFDFD156}.Release|Any CPU.ActiveCfg = Release|Any CPU
		{A7B2B8AD-B297-43F8-81E5-28A2BFDFD156}.Release|Any CPU.Build.0 = Release|Any CPU
		{A7B2B8AD-B297-43F8-81E5-28A2BFDFD156}.Release|x64.ActiveCfg = Release|Any CPU
		{A7B2B8AD-B297-43F8-81E5-28A2BFDFD156}.Release|x64.Build.0 = Release|Any CPU
		{A7B2B8AD-B297-43F8-81E5-28A2BFDFD156}.Release|x86.ActiveCfg = Release|Any CPU
		{A7B2B8AD-B297-43F8-81E5-28A2BFDFD156}.Release|x86.Build.0 = Release|Any CPU
		{FB7ABB80-78B6-4A31-9BB0-79BBFE46271A}.Debug|Any CPU.ActiveCfg = Debug|Any CPU
		{FB7ABB80-78B6-4A31-9BB0-79BBFE46271A}.Debug|Any CPU.Build.0 = Debug|Any CPU
		{FB7ABB80-78B6-4A31-9BB0-79BBFE46271A}.Debug|x64.ActiveCfg = Debug|Any CPU
		{FB7ABB80-78B6-4A31-9BB0-79BBFE46271A}.Debug|x64.Build.0 = Debug|Any CPU
		{FB7ABB80-78B6-4A31-9BB0-79BBFE46271A}.Debug|x86.ActiveCfg = Debug|Any CPU
		{FB7ABB80-78B6-4A31-9BB0-79BBFE46271A}.Debug|x86.Build.0 = Debug|Any CPU
		{FB7ABB80-78B6-4A31-9BB0-79BBFE46271A}.Release|Any CPU.ActiveCfg = Release|Any CPU
		{FB7ABB80-78B6-4A31-9BB0-79BBFE46271A}.Release|Any CPU.Build.0 = Release|Any CPU
		{FB7ABB80-78B6-4A31-9BB0-79BBFE46271A}.Release|x64.ActiveCfg = Release|Any CPU
		{FB7ABB80-78B6-4A31-9BB0-79BBFE46271A}.Release|x64.Build.0 = Release|Any CPU
		{FB7ABB80-78B6-4A31-9BB0-79BBFE46271A}.Release|x86.ActiveCfg = Release|Any CPU
		{FB7ABB80-78B6-4A31-9BB0-79BBFE46271A}.Release|x86.Build.0 = Release|Any CPU
	EndGlobalSection
	GlobalSection(SolutionProperties) = preSolution
		HideSolutionNode = FALSE
	EndGlobalSection
	GlobalSection(ExtensibilityGlobals) = postSolution
		SolutionGuid = {D2AD3BCB-B656-4F6B-ADB2-0EDD8C0C234D}
	EndGlobalSection
EndGlobal
